{
  "version": 4,
  "terraform_version": "0.15.0",
  "serial": 470,
  "lineage": "c54f3f11-05df-dcfa-9c5f-32cacaf38777",
  "outputs": {},
  "resources": [
    {
      "mode": "data",
      "type": "google_compute_subnetwork",
      "name": "primary",
      "provider": "provider[\"registry.terraform.io/hashicorp/google\"]",
      "instances": [
        {
          "schema_version": 0,
          "attributes": {
            "description": "",
            "gateway_address": "10.10.0.1",
            "id": "projects/djpb-1313/regions/europe-west1/subnetworks/subnet-primary",
            "ip_cidr_range": "10.10.0.0/16",
            "name": "subnet-primary",
            "network": "https://www.googleapis.com/compute/v1/projects/djpb-1313/global/networks/vpc",
            "private_ip_google_access": true,
            "project": "djpb-1313",
            "region": "europe-west1",
            "secondary_ip_range": [],
            "self_link": "https://www.googleapis.com/compute/v1/projects/djpb-1313/regions/europe-west1/subnetworks/subnet-primary"
          },
          "sensitive_attributes": []
        }
      ]
    },
    {
      "mode": "data",
      "type": "google_iam_policy",
      "name": "auth",
      "provider": "provider[\"registry.terraform.io/hashicorp/google\"]",
      "instances": [
        {
          "schema_version": 0,
          "attributes": {
            "audit_config": null,
            "binding": [
              {
                "condition": [],
                "members": [
                  "allUsers"
                ],
                "role": "roles/run.invoker"
              }
            ],
            "id": "3450855414",
            "policy_data": "{\"bindings\":[{\"members\":[\"allUsers\"],\"role\":\"roles/run.invoker\"}]}"
          },
          "sensitive_attributes": []
        }
      ]
    },
    {
      "mode": "data",
      "type": "template_file",
      "name": "vm_startup",
      "provider": "provider[\"registry.terraform.io/hashicorp/template\"]",
      "instances": [
        {
          "schema_version": 0,
          "attributes": {
            "filename": null,
            "id": "7e291e038d4f795981d2b1f95d28615fc4542185c823188552bbb2b32e20ae7a",
            "rendered": "# INITIAL JSON FILE\nmkdir -p /www/data/json/\necho '{\"status\":\"success\",\"payload\":{\"status\":\"Tailscale Down\"}}' \u003e /www/data/json/tailscale.log.json\n\n# HTML FILE\nmkdir -p /www/data/html/\ncat \u003c\u003cEOT \u003e\u003e /www/data/html/status.html\n\u003c!DOCTYPE html\u003e\n\u003chtml\u003e\n  \u003chead\u003e\n    \u003cscript src=\"https://ajax.googleapis.com/ajax/libs/jquery/3.6.1/jquery.min.js\"\u003e\u003c/script\u003e\n    \u003cscript\u003e\n      async function init() {\n          updateTailscaleStatus();\n      }\n      async function updateTailscaleStatus() {\n\t  fetch('/gateway/api/tailscale/status').then(resp=\u003e {\n              console.log(resp);\n\t      resp.json().then(data =\u003e {\n\t          console.log(data);\n \t          \\$(\"#tailscale-status\").text(data.payload.status.toLowerCase());\n\t      });\n\t  });\n      }\n    \u003c/script\u003e\n  \u003c/head\u003e\n\n  \u003cbody onload=\"init()\"\u003e\n    \u003cform\u003e\n      \u003cdiv style=\"margin: 20px;\"\u003e\n\t\u003cp style=\"display:inline; float:left; margin: 0; margin-right: 10px;\"\u003e\u003cb\u003eTailscale Status:\u003c/b\u003e\u003c/p\u003e\n\t\u003cp style=\"display:inline; float:left; margin: 0; margin-right: 10px;\" id=\"tailscale-status\"\u003eloading\u003c/p\u003e\n\t\u003cbutton type=\"button\" onclick=\"updateTailscaleStatus()\"\u003eRefresh Status\u003c/button\u003e\n      \u003c/div\u003e\n      \u003cdiv style=\"margin: 20px;\"\u003e\n\t\u003cbutton type=\"button\" onclick=\"window.location.href='shell'\"\u003eAccess Shell\u003c/button\u003e\n      \u003c/div\u003e\n      \u003cdiv style=\"margin: 20px;\"\u003e\n\t\u003cbutton type=\"button\" onclick=\"window.location.href='router/status'\"\u003eAccess Router\u003c/button\u003e\n      \u003c/div\u003e\n    \u003c/form\u003e\n  \u003c/body\u003e\n\u003c/html\u003e\nEOT\n\n# NGINX CONFIG\nmkdir -p /etc/nginx/conf.d/\ncat \u003c\u003cEOT \u003e\u003e /etc/nginx/conf.d/nginx.conf\nserver {\n    server_name 10.10.10.10;\n    root /www/data/;\n    listen 80;\n\n    location = /gateway/ {\n        return 302 https://djpb.info/status;\n    }\n\n    location /gateway/status {\n        try_files /html/status.html = 404;\n    }\n\n    location /gateway/api/status {\n        add_header Content-Type text/json;\n        return 200 '{\"status\":\"success\", \"payload\": { \"message\" : \"API Up\"}}';\n    }\n\n    location /gateway/api/tailscale/status {\n        add_header Content-Type text/json;\n        try_files /json/tailscale.log.json = 404;\n    }\n\n    location /gateway/shell {\n        proxy_pass https://localhost:4200;\n        #proxy_connect_timeout 30;\n    }\n\n    location /gateway/ {\n        add_header Content-Type text/plain;\n        return 200 'here1';\n        #proxy_pass http://10.0.0.0/gateway/;\n    }\n}\nEOT\n\n# LOOP SCRIPT\ncat \u003c\u003cEOT \u003e\u003e loop.sh\ncount=0\nwhile true\ndo\n  status=\\$(tailscale status --json | jq -r .BackendState)\n  echo '{\"status\":\"success\",\"payload\":{\"status\":\"Tailscale '\\$status'\"}}' \u003e /www/data/json/tailscale.log.json\n\n  load=\\$(uptime | grep -oP '(?\u003c=average: ).*?(?=,)')\n  check=\\$(awk 'BEGIN{ print \"'\\$load'\"\u003c\"0.5\" }')\n\n  if [ \\$check -eq 1 ];then\n    ((count+=1))\n  else\n    count=0\n  fi\n\n  if (( \\$count\u003e60 ))\n  then\n    poweroff\n  fi\n\n  sleep 60\ndone\nEOT\n\n# SHELLINABOX\nadduser --gecos \"\" --disabled-password djpb\nchpasswd \u003c\u003c\u003c\"djpb:B@man1313\"\necho '   PasswordAuthentication yes' \u003e /etc/ssh/ssh_config\n\napt update\napt install -y shellinabox\n\n# INSTALLS\napt-get install -y nginx curl jq\n\n# TAILSCALE\ncurl -fsSL https://tailscale.com/install.sh | sh\ntailscaled --state=mem:\ntailscale up --accept-routes --authkey=tskey-auth-khJXVG2CNTRL-KKtTia68z27MTqnPP7MJ37xeoh5tARxSV --hostname=gateway\n\n# MAIN LOOP\nbash loop.sh\n",
            "template": "# INITIAL JSON FILE\nmkdir -p /www/data/json/\necho '{\"status\":\"success\",\"payload\":{\"status\":\"Tailscale Down\"}}' \u003e /www/data/json/tailscale.log.json\n\n# HTML FILE\nmkdir -p /www/data/html/\ncat \u003c\u003cEOT \u003e\u003e /www/data/html/status.html\n\u003c!DOCTYPE html\u003e\n\u003chtml\u003e\n  \u003chead\u003e\n    \u003cscript src=\"https://ajax.googleapis.com/ajax/libs/jquery/3.6.1/jquery.min.js\"\u003e\u003c/script\u003e\n    \u003cscript\u003e\n      async function init() {\n          updateTailscaleStatus();\n      }\n      async function updateTailscaleStatus() {\n\t  fetch('/gateway/api/tailscale/status').then(resp=\u003e {\n              console.log(resp);\n\t      resp.json().then(data =\u003e {\n\t          console.log(data);\n \t          \\$(\"#tailscale-status\").text(data.payload.status.toLowerCase());\n\t      });\n\t  });\n      }\n    \u003c/script\u003e\n  \u003c/head\u003e\n\n  \u003cbody onload=\"init()\"\u003e\n    \u003cform\u003e\n      \u003cdiv style=\"margin: 20px;\"\u003e\n\t\u003cp style=\"display:inline; float:left; margin: 0; margin-right: 10px;\"\u003e\u003cb\u003eTailscale Status:\u003c/b\u003e\u003c/p\u003e\n\t\u003cp style=\"display:inline; float:left; margin: 0; margin-right: 10px;\" id=\"tailscale-status\"\u003eloading\u003c/p\u003e\n\t\u003cbutton type=\"button\" onclick=\"updateTailscaleStatus()\"\u003eRefresh Status\u003c/button\u003e\n      \u003c/div\u003e\n      \u003cdiv style=\"margin: 20px;\"\u003e\n\t\u003cbutton type=\"button\" onclick=\"window.location.href='shell'\"\u003eAccess Shell\u003c/button\u003e\n      \u003c/div\u003e\n      \u003cdiv style=\"margin: 20px;\"\u003e\n\t\u003cbutton type=\"button\" onclick=\"window.location.href='router/status'\"\u003eAccess Router\u003c/button\u003e\n      \u003c/div\u003e\n    \u003c/form\u003e\n  \u003c/body\u003e\n\u003c/html\u003e\nEOT\n\n# NGINX CONFIG\nmkdir -p /etc/nginx/conf.d/\ncat \u003c\u003cEOT \u003e\u003e /etc/nginx/conf.d/nginx.conf\nserver {\n    server_name ${gateway_ip};\n    root /www/data/;\n    listen 80;\n\n    location = /gateway/ {\n        return 302 https://djpb.info/status;\n    }\n\n    location /gateway/status {\n        try_files /html/status.html = 404;\n    }\n\n    location /gateway/api/status {\n        add_header Content-Type text/json;\n        return 200 '{\"status\":\"success\", \"payload\": { \"message\" : \"API Up\"}}';\n    }\n\n    location /gateway/api/tailscale/status {\n        add_header Content-Type text/json;\n        try_files /json/tailscale.log.json = 404;\n    }\n\n    location /gateway/shell {\n        proxy_pass https://localhost:4200;\n        #proxy_connect_timeout 30;\n    }\n\n    location /gateway/ {\n        add_header Content-Type text/plain;\n        return 200 'here1';\n        #proxy_pass http://10.0.0.0/gateway/;\n    }\n}\nEOT\n\n# LOOP SCRIPT\ncat \u003c\u003cEOT \u003e\u003e loop.sh\ncount=0\nwhile true\ndo\n  status=\\$(tailscale status --json | jq -r .BackendState)\n  echo '{\"status\":\"success\",\"payload\":{\"status\":\"Tailscale '\\$status'\"}}' \u003e /www/data/json/tailscale.log.json\n\n  load=\\$(uptime | grep -oP '(?\u003c=average: ).*?(?=,)')\n  check=\\$(awk 'BEGIN{ print \"'\\$load'\"\u003c\"0.5\" }')\n\n  if [ \\$check -eq 1 ];then\n    ((count+=1))\n  else\n    count=0\n  fi\n\n  if (( \\$count\u003e60 ))\n  then\n    poweroff\n  fi\n\n  sleep 60\ndone\nEOT\n\n# SHELLINABOX\nadduser --gecos \"\" --disabled-password djpb\nchpasswd \u003c\u003c\u003c\"djpb:${ssh_password}\"\necho '   PasswordAuthentication yes' \u003e /etc/ssh/ssh_config\n\napt update\napt install -y shellinabox\n\n# INSTALLS\napt-get install -y nginx curl jq\n\n# TAILSCALE\ncurl -fsSL https://tailscale.com/install.sh | sh\ntailscaled --state=mem:\ntailscale up --accept-routes --authkey=${tailscale_authkey} --hostname=gateway\n\n# MAIN LOOP\nbash loop.sh\n",
            "vars": {
              "gateway_ip": "10.10.10.10",
              "ssh_password": "B@man1313",
              "tailscale_authkey": "tskey-auth-khJXVG2CNTRL-KKtTia68z27MTqnPP7MJ37xeoh5tARxSV"
            }
          },
          "sensitive_attributes": []
        }
      ]
    },
    {
      "mode": "managed",
      "type": "google_cloud_run_domain_mapping",
      "name": "auth",
      "provider": "provider[\"registry.terraform.io/hashicorp/google\"]",
      "instances": [
        {
          "schema_version": 0,
          "attributes": {
            "id": "locations/europe-west1/namespaces/djpb-1313/domainmappings/djpb.info",
            "location": "europe-west1",
            "metadata": [
              {
                "annotations": {
                  "serving.knative.dev/creator": "djpbadenhorst@gmail.com",
                  "serving.knative.dev/lastModifier": "djpbadenhorst@gmail.com"
                },
                "generation": 1,
                "labels": {
                  "cloud.googleapis.com/location": "europe-west1",
                  "run.googleapis.com/overrideAt": "2022-12-30T14:52:14.450Z"
                },
                "namespace": "djpb-1313",
                "resource_version": "AAXxDQxD+FE",
                "self_link": "/apis/domains.cloudrun.com/v1/namespaces/686635122838/domainmappings/djpb.info",
                "uid": "4fb3a72b-6ba6-4c3f-9b5f-c68a9d93d086"
              }
            ],
            "name": "djpb.info",
            "project": "djpb-1313",
            "spec": [
              {
                "certificate_mode": "AUTOMATIC",
                "force_override": false,
                "route_name": "auth"
              }
            ],
            "status": [
              {
                "conditions": [
                  {
                    "message": "",
                    "reason": "",
                    "status": "True",
                    "type": "Ready"
                  },
                  {
                    "message": "",
                    "reason": "",
                    "status": "True",
                    "type": "CertificateProvisioned"
                  },
                  {
                    "message": "",
                    "reason": "",
                    "status": "True",
                    "type": "DomainRoutable"
                  }
                ],
                "mapped_route_name": "auth",
                "observed_generation": 1,
                "resource_records": [
                  {
                    "name": "",
                    "rrdata": "216.239.32.21",
                    "type": "A"
                  },
                  {
                    "name": "",
                    "rrdata": "216.239.34.21",
                    "type": "A"
                  },
                  {
                    "name": "",
                    "rrdata": "216.239.36.21",
                    "type": "A"
                  },
                  {
                    "name": "",
                    "rrdata": "216.239.38.21",
                    "type": "A"
                  },
                  {
                    "name": "",
                    "rrdata": "2001:4860:4802:32::15",
                    "type": "AAAA"
                  },
                  {
                    "name": "",
                    "rrdata": "2001:4860:4802:34::15",
                    "type": "AAAA"
                  },
                  {
                    "name": "",
                    "rrdata": "2001:4860:4802:36::15",
                    "type": "AAAA"
                  },
                  {
                    "name": "",
                    "rrdata": "2001:4860:4802:38::15",
                    "type": "AAAA"
                  }
                ]
              }
            ],
            "timeouts": null
          },
          "sensitive_attributes": [],
          "private": "eyJlMmJmYjczMC1lY2FhLTExZTYtOGY4OC0zNDM2M2JjN2M0YzAiOnsiY3JlYXRlIjoxMjAwMDAwMDAwMDAwLCJkZWxldGUiOjEyMDAwMDAwMDAwMDB9fQ==",
          "dependencies": [
            "google_cloud_run_service.auth",
            "module.access_connector.google_vpc_access_connector.connector_beta"
          ]
        }
      ]
    },
    {
      "mode": "managed",
      "type": "google_cloud_run_service",
      "name": "auth",
      "provider": "provider[\"registry.terraform.io/hashicorp/google\"]",
      "instances": [
        {
          "schema_version": 1,
          "attributes": {
            "autogenerate_revision_name": true,
            "id": "locations/europe-west1/namespaces/djpb-1313/services/auth",
            "location": "europe-west1",
            "metadata": [
              {
                "annotations": {
                  "client.knative.dev/user-image": "gcr.io/djpb-1313/auth:latest",
                  "run.googleapis.com/client-name": "gcloud",
                  "run.googleapis.com/client-version": "401.0.0",
                  "run.googleapis.com/ingress": "all",
                  "run.googleapis.com/ingress-status": "all",
                  "serving.knative.dev/creator": "djpbadenhorst@gmail.com",
                  "serving.knative.dev/lastModifier": "djpbadenhorst@gmail.com"
                },
                "generation": 81,
                "labels": {
                  "cloud.googleapis.com/location": "europe-west1"
                },
                "namespace": "djpb-1313",
                "resource_version": "AAXxIrL0CNk",
                "self_link": "/apis/serving.knative.dev/v1/namespaces/686635122838/services/auth",
                "uid": "42c05d89-d12b-4d6f-963f-6da20f162a42"
              }
            ],
            "name": "auth",
            "project": "djpb-1313",
            "status": [
              {
                "conditions": [
                  {
                    "message": "",
                    "reason": "",
                    "status": "True",
                    "type": "Ready"
                  },
                  {
                    "message": "",
                    "reason": "",
                    "status": "True",
                    "type": "ConfigurationsReady"
                  },
                  {
                    "message": "",
                    "reason": "",
                    "status": "True",
                    "type": "RoutesReady"
                  }
                ],
                "latest_created_revision_name": "auth-9jwmq",
                "latest_ready_revision_name": "auth-9jwmq",
                "observed_generation": 81,
                "url": "https://auth-42yp4aejba-ew.a.run.app"
              }
            ],
            "template": [
              {
                "metadata": [
                  {
                    "annotations": {
                      "autoscaling.knative.dev/maxScale": "1",
                      "run.googleapis.com/vpc-access-connector": "projects/djpb-1313/locations/europe-west1/connectors/access-connector",
                      "run.googleapis.com/vpc-access-egress": "all-traffic"
                    },
                    "generation": 0,
                    "labels": {},
                    "name": "",
                    "namespace": "",
                    "resource_version": "",
                    "self_link": "",
                    "uid": ""
                  }
                ],
                "spec": [
                  {
                    "container_concurrency": 80,
                    "containers": [
                      {
                        "args": [],
                        "command": [],
                        "env": [
                          {
                            "name": "FLASK_SECRET",
                            "value": "d039e805-9f58-4cca-b9cc-46bc16698d7d",
                            "value_from": []
                          },
                          {
                            "name": "GATEWAY_IP",
                            "value": "10.10.10.10",
                            "value_from": []
                          }
                        ],
                        "env_from": [],
                        "image": "gcr.io/djpb-1313/auth:latest",
                        "ports": [
                          {
                            "container_port": 80,
                            "name": "http1",
                            "protocol": ""
                          }
                        ],
                        "resources": [
                          {
                            "limits": {
                              "cpu": "1000m",
                              "memory": "1000Mi"
                            },
                            "requests": {}
                          }
                        ],
                        "volume_mounts": [],
                        "working_dir": ""
                      }
                    ],
                    "service_account_name": "auth-sa@djpb-1313.iam.gserviceaccount.com",
                    "serving_state": "",
                    "timeout_seconds": 300,
                    "volumes": []
                  }
                ]
              }
            ],
            "timeouts": null,
            "traffic": [
              {
                "latest_revision": true,
                "percent": 100,
                "revision_name": "",
                "tag": "",
                "url": ""
              }
            ]
          },
          "sensitive_attributes": [],
          "private": "eyJlMmJmYjczMC1lY2FhLTExZTYtOGY4OC0zNDM2M2JjN2M0YzAiOnsiY3JlYXRlIjoxMjAwMDAwMDAwMDAwLCJkZWxldGUiOjEyMDAwMDAwMDAwMDAsInVwZGF0ZSI6MTIwMDAwMDAwMDAwMH0sInNjaGVtYV92ZXJzaW9uIjoiMSJ9",
          "dependencies": [
            "module.access_connector.google_vpc_access_connector.connector_beta"
          ]
        }
      ]
    },
    {
      "mode": "managed",
      "type": "google_cloud_run_service_iam_policy",
      "name": "auth",
      "provider": "provider[\"registry.terraform.io/hashicorp/google\"]",
      "instances": [
        {
          "schema_version": 0,
          "attributes": {
            "etag": "BwXxDL7xOF4=",
            "id": "v1/projects/djpb-1313/locations/europe-west1/services/auth",
            "location": "europe-west1",
            "policy_data": "{\"bindings\":[{\"members\":[\"allUsers\"],\"role\":\"roles/run.invoker\"}]}",
            "project": "djpb-1313",
            "service": "v1/projects/djpb-1313/locations/europe-west1/services/auth"
          },
          "sensitive_attributes": [],
          "private": "bnVsbA==",
          "dependencies": [
            "data.google_iam_policy.auth",
            "google_cloud_run_service.auth",
            "module.access_connector.google_vpc_access_connector.connector_beta"
          ]
        }
      ]
    },
    {
      "mode": "managed",
      "type": "google_compute_address",
      "name": "gateway",
      "provider": "provider[\"registry.terraform.io/hashicorp/google\"]",
      "instances": [
        {
          "schema_version": 0,
          "attributes": {
            "address": "10.10.10.10",
            "address_type": "INTERNAL",
            "creation_timestamp": "2022-12-30T06:54:32.680-08:00",
            "description": "",
            "id": "projects/djpb-1313/regions/europe-west1/addresses/gateway",
            "name": "gateway",
            "network": "",
            "network_tier": "PREMIUM",
            "prefix_length": 0,
            "project": "djpb-1313",
            "purpose": "GCE_ENDPOINT",
            "region": "europe-west1",
            "self_link": "https://www.googleapis.com/compute/v1/projects/djpb-1313/regions/europe-west1/addresses/gateway",
            "subnetwork": "https://www.googleapis.com/compute/v1/projects/djpb-1313/regions/europe-west1/subnetworks/subnet-primary",
            "timeouts": null,
            "users": [
              "https://www.googleapis.com/compute/v1/projects/djpb-1313/zones/europe-west1-b/instances/gateway"
            ]
          },
          "sensitive_attributes": [],
          "private": "eyJlMmJmYjczMC1lY2FhLTExZTYtOGY4OC0zNDM2M2JjN2M0YzAiOnsiY3JlYXRlIjoxMjAwMDAwMDAwMDAwLCJkZWxldGUiOjEyMDAwMDAwMDAwMDB9fQ==",
          "dependencies": [
            "module.vpc.module.vpc.google_compute_shared_vpc_host_project.shared_vpc_host",
            "data.google_compute_subnetwork.primary",
            "module.vpc.module.firewall_rules.google_compute_firewall.rules",
            "module.vpc.module.routes.google_compute_route.route",
            "module.vpc.module.subnets.google_compute_subnetwork.subnetwork",
            "module.vpc.module.vpc.google_compute_network.network"
          ]
        }
      ]
    },
    {
      "mode": "managed",
      "type": "google_compute_firewall",
      "name": "allow_ssh",
      "provider": "provider[\"registry.terraform.io/hashicorp/google\"]",
      "instances": [
        {
          "schema_version": 1,
          "attributes": {
            "allow": [
              {
                "ports": [
                  "22"
                ],
                "protocol": "tcp"
              }
            ],
            "creation_timestamp": "2022-12-30T06:45:28.245-08:00",
            "deny": [],
            "description": "",
            "destination_ranges": [],
            "direction": "INGRESS",
            "disabled": false,
            "enable_logging": null,
            "id": "projects/djpb-1313/global/firewalls/allow-ssh",
            "log_config": [],
            "name": "allow-ssh",
            "network": "https://www.googleapis.com/compute/v1/projects/djpb-1313/global/networks/vpc",
            "priority": 1000,
            "project": "djpb-1313",
            "self_link": "https://www.googleapis.com/compute/v1/projects/djpb-1313/global/firewalls/allow-ssh",
            "source_ranges": [
              "0.0.0.0/0"
            ],
            "source_service_accounts": [],
            "source_tags": [],
            "target_service_accounts": [],
            "target_tags": [
              "allow-ssh"
            ],
            "timeouts": null
          },
          "sensitive_attributes": [],
          "private": "eyJlMmJmYjczMC1lY2FhLTExZTYtOGY4OC0zNDM2M2JjN2M0YzAiOnsiY3JlYXRlIjoxMjAwMDAwMDAwMDAwLCJkZWxldGUiOjEyMDAwMDAwMDAwMDAsInVwZGF0ZSI6MTIwMDAwMDAwMDAwMH0sInNjaGVtYV92ZXJzaW9uIjoiMSJ9",
          "dependencies": [
            "module.vpc.module.vpc.google_compute_network.network"
          ]
        }
      ]
    },
    {
      "mode": "managed",
      "type": "google_compute_instance",
      "name": "gateway",
      "provider": "provider[\"registry.terraform.io/hashicorp/google\"]",
      "instances": [
        {
          "schema_version": 6,
          "attributes": {
            "advanced_machine_features": [],
            "allow_stopping_for_update": null,
            "attached_disk": [],
            "boot_disk": [
              {
                "auto_delete": true,
                "device_name": "persistent-disk-0",
                "disk_encryption_key_raw": "",
                "disk_encryption_key_sha256": "",
                "initialize_params": [
                  {
                    "image": "https://www.googleapis.com/compute/v1/projects/ubuntu-os-cloud/global/images/ubuntu-2204-jammy-v20221206",
                    "labels": {},
                    "size": 10,
                    "type": "pd-standard"
                  }
                ],
                "kms_key_self_link": "",
                "mode": "READ_WRITE",
                "source": "https://www.googleapis.com/compute/v1/projects/djpb-1313/zones/europe-west1-b/disks/gateway"
              }
            ],
            "can_ip_forward": false,
            "confidential_instance_config": [],
            "cpu_platform": "Intel Broadwell",
            "current_status": "RUNNING",
            "deletion_protection": false,
            "description": "",
            "desired_status": null,
            "enable_display": false,
            "guest_accelerator": [],
            "hostname": "",
            "id": "projects/djpb-1313/zones/europe-west1-b/instances/gateway",
            "instance_id": "3294841708547527608",
            "label_fingerprint": "42WmSpB8rSM=",
            "labels": null,
            "machine_type": "e2-micro",
            "metadata": null,
            "metadata_fingerprint": "t1gipJa9JdI=",
            "metadata_startup_script": "# INITIAL JSON FILE\nmkdir -p /www/data/json/\necho '{\"status\":\"success\",\"payload\":{\"status\":\"Tailscale Down\"}}' \u003e /www/data/json/tailscale.log.json\n\n# HTML FILE\nmkdir -p /www/data/html/\ncat \u003c\u003cEOT \u003e\u003e /www/data/html/status.html\n\u003c!DOCTYPE html\u003e\n\u003chtml\u003e\n  \u003chead\u003e\n    \u003cscript src=\"https://ajax.googleapis.com/ajax/libs/jquery/3.6.1/jquery.min.js\"\u003e\u003c/script\u003e\n    \u003cscript\u003e\n      async function init() {\n          updateTailscaleStatus();\n      }\n      async function updateTailscaleStatus() {\n\t  fetch('/gateway/api/tailscale/status').then(resp=\u003e {\n              console.log(resp);\n\t      resp.json().then(data =\u003e {\n\t          console.log(data);\n \t          \\$(\"#tailscale-status\").text(data.payload.status.toLowerCase());\n\t      });\n\t  });\n      }\n    \u003c/script\u003e\n  \u003c/head\u003e\n\n  \u003cbody onload=\"init()\"\u003e\n    \u003cform\u003e\n      \u003cdiv style=\"margin: 20px;\"\u003e\n\t\u003cp style=\"display:inline; float:left; margin: 0; margin-right: 10px;\"\u003e\u003cb\u003eTailscale Status:\u003c/b\u003e\u003c/p\u003e\n\t\u003cp style=\"display:inline; float:left; margin: 0; margin-right: 10px;\" id=\"tailscale-status\"\u003eloading\u003c/p\u003e\n\t\u003cbutton type=\"button\" onclick=\"updateTailscaleStatus()\"\u003eRefresh Status\u003c/button\u003e\n      \u003c/div\u003e\n      \u003cdiv style=\"margin: 20px;\"\u003e\n\t\u003cbutton type=\"button\" onclick=\"window.location.href='shell'\"\u003eAccess Shell\u003c/button\u003e\n      \u003c/div\u003e\n      \u003cdiv style=\"margin: 20px;\"\u003e\n\t\u003cbutton type=\"button\" onclick=\"window.location.href='router/status'\"\u003eAccess Router\u003c/button\u003e\n      \u003c/div\u003e\n    \u003c/form\u003e\n  \u003c/body\u003e\n\u003c/html\u003e\nEOT\n\n# NGINX CONFIG\nmkdir -p /etc/nginx/conf.d/\ncat \u003c\u003cEOT \u003e\u003e /etc/nginx/conf.d/nginx.conf\nserver {\n    server_name 10.10.10.10;\n    root /www/data/;\n    listen 80;\n\n    location = /gateway/ {\n        return 302 https://djpb.info/status;\n    }\n\n    location /gateway/status {\n        try_files /html/status.html = 404;\n    }\n\n    location /gateway/api/status {\n        add_header Content-Type text/json;\n        return 200 '{\"status\":\"success\", \"payload\": { \"message\" : \"API Up\"}}';\n    }\n\n    location /gateway/api/tailscale/status {\n        add_header Content-Type text/json;\n        try_files /json/tailscale.log.json = 404;\n    }\n\n    location /gateway/shell {\n        proxy_pass https://localhost:4200;\n        #proxy_connect_timeout 30;\n    }\n\n    location /gateway/ {\n        add_header Content-Type text/plain;\n        return 200 'here1';\n        #proxy_pass http://10.0.0.0/gateway/;\n    }\n}\nEOT\n\n# LOOP SCRIPT\ncat \u003c\u003cEOT \u003e\u003e loop.sh\ncount=0\nwhile true\ndo\n  status=\\$(tailscale status --json | jq -r .BackendState)\n  echo '{\"status\":\"success\",\"payload\":{\"status\":\"Tailscale '\\$status'\"}}' \u003e /www/data/json/tailscale.log.json\n\n  load=\\$(uptime | grep -oP '(?\u003c=average: ).*?(?=,)')\n  check=\\$(awk 'BEGIN{ print \"'\\$load'\"\u003c\"0.5\" }')\n\n  if [ \\$check -eq 1 ];then\n    ((count+=1))\n  else\n    count=0\n  fi\n\n  if (( \\$count\u003e60 ))\n  then\n    poweroff\n  fi\n\n  sleep 60\ndone\nEOT\n\n# SHELLINABOX\nadduser --gecos \"\" --disabled-password djpb\nchpasswd \u003c\u003c\u003c\"djpb:B@man1313\"\necho '   PasswordAuthentication yes' \u003e /etc/ssh/ssh_config\n\napt update\napt install -y shellinabox\n\n# INSTALLS\napt-get install -y nginx curl jq\n\n# TAILSCALE\ncurl -fsSL https://tailscale.com/install.sh | sh\ntailscaled --state=mem:\ntailscale up --accept-routes --authkey=tskey-auth-khJXVG2CNTRL-KKtTia68z27MTqnPP7MJ37xeoh5tARxSV --hostname=gateway\n\n# MAIN LOOP\nbash loop.sh\n",
            "min_cpu_platform": "",
            "name": "gateway",
            "network_interface": [
              {
                "access_config": [],
                "alias_ip_range": [],
                "ipv6_access_config": [],
                "ipv6_access_type": "",
                "name": "nic0",
                "network": "https://www.googleapis.com/compute/v1/projects/djpb-1313/global/networks/vpc",
                "network_ip": "10.10.10.10",
                "nic_type": "",
                "queue_count": 0,
                "stack_type": "IPV4_ONLY",
                "subnetwork": "https://www.googleapis.com/compute/v1/projects/djpb-1313/regions/europe-west1/subnetworks/subnet-primary",
                "subnetwork_project": "djpb-1313"
              }
            ],
            "project": "djpb-1313",
            "reservation_affinity": [],
            "resource_policies": null,
            "scheduling": [
              {
                "automatic_restart": true,
                "instance_termination_action": "",
                "min_node_cpus": 0,
                "node_affinities": [],
                "on_host_maintenance": "MIGRATE",
                "preemptible": false,
                "provisioning_model": "STANDARD"
              }
            ],
            "scratch_disk": [],
            "self_link": "https://www.googleapis.com/compute/v1/projects/djpb-1313/zones/europe-west1-b/instances/gateway",
            "service_account": [
              {
                "email": "gateway-sa@djpb-1313.iam.gserviceaccount.com",
                "scopes": [
                  "https://www.googleapis.com/auth/cloud-platform"
                ]
              }
            ],
            "shielded_instance_config": [
              {
                "enable_integrity_monitoring": true,
                "enable_secure_boot": false,
                "enable_vtpm": true
              }
            ],
            "tags": [
              "allow-ssh",
              "http-server"
            ],
            "tags_fingerprint": "TbqFUWywGaU=",
            "timeouts": null,
            "zone": "europe-west1-b"
          },
          "sensitive_attributes": [],
          "private": "eyJlMmJmYjczMC1lY2FhLTExZTYtOGY4OC0zNDM2M2JjN2M0YzAiOnsiY3JlYXRlIjoxMjAwMDAwMDAwMDAwLCJkZWxldGUiOjEyMDAwMDAwMDAwMDAsInVwZGF0ZSI6MTIwMDAwMDAwMDAwMH0sInNjaGVtYV92ZXJzaW9uIjoiNiJ9",
          "dependencies": [
            "data.google_compute_subnetwork.primary",
            "data.template_file.vm_startup",
            "google_compute_address.gateway",
            "module.vpc.module.vpc.google_compute_network.network"
          ]
        }
      ]
    },
    {
      "mode": "managed",
      "type": "google_compute_router",
      "name": "router",
      "provider": "provider[\"registry.terraform.io/hashicorp/google\"]",
      "instances": [
        {
          "schema_version": 0,
          "attributes": {
            "bgp": [],
            "creation_timestamp": "2022-12-30T06:45:28.279-08:00",
            "description": "",
            "encrypted_interconnect_router": false,
            "id": "projects/djpb-1313/regions/europe-west1/routers/router",
            "name": "router",
            "network": "https://www.googleapis.com/compute/v1/projects/djpb-1313/global/networks/vpc",
            "project": "djpb-1313",
            "region": "europe-west1",
            "self_link": "https://www.googleapis.com/compute/v1/projects/djpb-1313/regions/europe-west1/routers/router",
            "timeouts": null
          },
          "sensitive_attributes": [],
          "private": "eyJlMmJmYjczMC1lY2FhLTExZTYtOGY4OC0zNDM2M2JjN2M0YzAiOnsiY3JlYXRlIjoxMjAwMDAwMDAwMDAwLCJkZWxldGUiOjEyMDAwMDAwMDAwMDAsInVwZGF0ZSI6MTIwMDAwMDAwMDAwMH19",
          "dependencies": [
            "module.vpc.module.vpc.google_compute_network.network"
          ]
        }
      ]
    },
    {
      "mode": "managed",
      "type": "google_compute_router_nat",
      "name": "nat",
      "provider": "provider[\"registry.terraform.io/hashicorp/google\"]",
      "instances": [
        {
          "schema_version": 0,
          "attributes": {
            "drain_nat_ips": [],
            "enable_dynamic_port_allocation": false,
            "enable_endpoint_independent_mapping": true,
            "icmp_idle_timeout_sec": 30,
            "id": "djpb-1313/europe-west1/router/nat",
            "log_config": [],
            "max_ports_per_vm": 0,
            "min_ports_per_vm": 0,
            "name": "nat",
            "nat_ip_allocate_option": "AUTO_ONLY",
            "nat_ips": [],
            "project": "djpb-1313",
            "region": "europe-west1",
            "router": "router",
            "rules": [],
            "source_subnetwork_ip_ranges_to_nat": "ALL_SUBNETWORKS_ALL_IP_RANGES",
            "subnetwork": [],
            "tcp_established_idle_timeout_sec": 1200,
            "tcp_transitory_idle_timeout_sec": 30,
            "timeouts": null,
            "udp_idle_timeout_sec": 30
          },
          "sensitive_attributes": [],
          "private": "eyJlMmJmYjczMC1lY2FhLTExZTYtOGY4OC0zNDM2M2JjN2M0YzAiOnsiY3JlYXRlIjoxMjAwMDAwMDAwMDAwLCJkZWxldGUiOjEyMDAwMDAwMDAwMDAsInVwZGF0ZSI6MTIwMDAwMDAwMDAwMH19",
          "dependencies": [
            "module.vpc.module.vpc.google_compute_network.network",
            "google_compute_router.router"
          ]
        }
      ]
    },
    {
      "module": "module.access_connector",
      "mode": "managed",
      "type": "google_vpc_access_connector",
      "name": "connector_beta",
      "provider": "provider[\"registry.terraform.io/hashicorp/google-beta\"]",
      "instances": [
        {
          "index_key": "access-connector",
          "schema_version": 0,
          "attributes": {
            "id": "projects/djpb-1313/locations/europe-west1/connectors/access-connector",
            "ip_cidr_range": "",
            "machine_type": "e2-micro",
            "max_instances": 3,
            "max_throughput": 300,
            "min_instances": 2,
            "min_throughput": 200,
            "name": "access-connector",
            "network": "vpc",
            "project": "djpb-1313",
            "region": "europe-west1",
            "self_link": "projects/djpb-1313/locations/europe-west1/connectors/access-connector",
            "state": "READY",
            "subnet": [
              {
                "name": "subnet-access-connector",
                "project_id": "djpb-1313"
              }
            ],
            "timeouts": null
          },
          "sensitive_attributes": [],
          "private": "eyJlMmJmYjczMC1lY2FhLTExZTYtOGY4OC0zNDM2M2JjN2M0YzAiOnsiY3JlYXRlIjoxMjAwMDAwMDAwMDAwLCJkZWxldGUiOjEyMDAwMDAwMDAwMDB9fQ=="
        }
      ]
    },
    {
      "module": "module.vpc.module.subnets",
      "mode": "managed",
      "type": "google_compute_subnetwork",
      "name": "subnetwork",
      "provider": "provider[\"registry.terraform.io/hashicorp/google\"]",
      "instances": [
        {
          "index_key": "europe-west1/subnet-access-connector",
          "schema_version": 0,
          "attributes": {
            "creation_timestamp": "2022-12-30T06:45:28.878-08:00",
            "description": "",
            "external_ipv6_prefix": "",
            "fingerprint": null,
            "gateway_address": "10.8.0.1",
            "id": "projects/djpb-1313/regions/europe-west1/subnetworks/subnet-access-connector",
            "ip_cidr_range": "10.8.0.0/28",
            "ipv6_access_type": "",
            "ipv6_cidr_range": "",
            "log_config": [],
            "name": "subnet-access-connector",
            "network": "https://www.googleapis.com/compute/v1/projects/djpb-1313/global/networks/vpc",
            "private_ip_google_access": false,
            "private_ipv6_google_access": "DISABLE_GOOGLE_ACCESS",
            "project": "djpb-1313",
            "purpose": "PRIVATE",
            "region": "europe-west1",
            "role": "",
            "secondary_ip_range": [],
            "self_link": "https://www.googleapis.com/compute/v1/projects/djpb-1313/regions/europe-west1/subnetworks/subnet-access-connector",
            "stack_type": "IPV4_ONLY",
            "timeouts": null
          },
          "sensitive_attributes": [],
          "private": "eyJlMmJmYjczMC1lY2FhLTExZTYtOGY4OC0zNDM2M2JjN2M0YzAiOnsiY3JlYXRlIjoxMjAwMDAwMDAwMDAwLCJkZWxldGUiOjEyMDAwMDAwMDAwMDAsInVwZGF0ZSI6MTIwMDAwMDAwMDAwMH19",
          "dependencies": [
            "module.vpc.module.vpc.google_compute_network.network"
          ]
        },
        {
          "index_key": "europe-west1/subnet-primary",
          "schema_version": 0,
          "attributes": {
            "creation_timestamp": "2022-12-30T06:45:28.773-08:00",
            "description": "",
            "external_ipv6_prefix": "",
            "fingerprint": null,
            "gateway_address": "10.10.0.1",
            "id": "projects/djpb-1313/regions/europe-west1/subnetworks/subnet-primary",
            "ip_cidr_range": "10.10.0.0/16",
            "ipv6_access_type": "",
            "ipv6_cidr_range": "",
            "log_config": [],
            "name": "subnet-primary",
            "network": "https://www.googleapis.com/compute/v1/projects/djpb-1313/global/networks/vpc",
            "private_ip_google_access": true,
            "private_ipv6_google_access": "DISABLE_GOOGLE_ACCESS",
            "project": "djpb-1313",
            "purpose": "PRIVATE",
            "region": "europe-west1",
            "role": "",
            "secondary_ip_range": [],
            "self_link": "https://www.googleapis.com/compute/v1/projects/djpb-1313/regions/europe-west1/subnetworks/subnet-primary",
            "stack_type": "IPV4_ONLY",
            "timeouts": null
          },
          "sensitive_attributes": [],
          "private": "eyJlMmJmYjczMC1lY2FhLTExZTYtOGY4OC0zNDM2M2JjN2M0YzAiOnsiY3JlYXRlIjoxMjAwMDAwMDAwMDAwLCJkZWxldGUiOjEyMDAwMDAwMDAwMDAsInVwZGF0ZSI6MTIwMDAwMDAwMDAwMH19",
          "dependencies": [
            "module.vpc.module.vpc.google_compute_network.network"
          ]
        }
      ]
    },
    {
      "module": "module.vpc.module.vpc",
      "mode": "managed",
      "type": "google_compute_network",
      "name": "network",
      "provider": "provider[\"registry.terraform.io/hashicorp/google\"]",
      "instances": [
        {
          "schema_version": 0,
          "attributes": {
            "auto_create_subnetworks": false,
            "delete_default_routes_on_create": false,
            "description": "",
            "enable_ula_internal_ipv6": false,
            "gateway_ipv4": "",
            "id": "projects/djpb-1313/global/networks/vpc",
            "internal_ipv6_range": "",
            "mtu": 0,
            "name": "vpc",
            "project": "djpb-1313",
            "routing_mode": "GLOBAL",
            "self_link": "https://www.googleapis.com/compute/v1/projects/djpb-1313/global/networks/vpc",
            "timeouts": null
          },
          "sensitive_attributes": [],
          "private": "eyJlMmJmYjczMC1lY2FhLTExZTYtOGY4OC0zNDM2M2JjN2M0YzAiOnsiY3JlYXRlIjoxMjAwMDAwMDAwMDAwLCJkZWxldGUiOjEyMDAwMDAwMDAwMDAsInVwZGF0ZSI6MTIwMDAwMDAwMDAwMH19"
        }
      ]
    }
  ]
}
